
Microsoft Visual Studio Solution File, Format Version 12.00
# Visual Studio Version 16
VisualStudioVersion = 16.0.30517.126
MinimumVisualStudioVersion = 10.0.40219.1
Project("{FAE04EC0-301F-11D3-BF4B-00C04F79EFBC}") = "WebAppOne", "WebAppOne\WebAppOne.csproj", "{A852FE18-9B58-4C23-B1E4-2EC428A0E01B}"
EndProject
Global
	GlobalSection(SolutionConfigurationPlatforms) = preSolution
		Debug|Any CPU = Debug|Any CPU
		Release|Any CPU = Release|Any CPU
	EndGlobalSection
	GlobalSection(ProjectConfigurationPlatforms) = postSolution
		{A852FE18-9B58-4C23-B1E4-2EC428A0E01B}.Debug|Any CPU.ActiveCfg = Debug|Any CPU
		{A852FE18-9B58-4C23-B1E4-2EC428A0E01B}.Debug|Any CPU.Build.0 = Debug|Any CPU
		{A852FE18-9B58-4C23-B1E4-2EC428A0E01B}.Release|Any CPU.ActiveCfg = Release|Any CPU
		{A852FE18-9B58-4C23-B1E4-2EC428A0E01B}.Release|Any CPU.Build.0 = Release|Any CPU
	EndGlobalSection
	GlobalSection(SolutionProperties) = preSolution
		HideSolutionNode = FALSE
	EndGlobalSection
	GlobalSection(ExtensibilityGlobals) = postSolution
		SolutionGuid = {8D3C4D58-3205-46FE-A7DC-7501EA13A76D}
	EndGlobalSection
EndGlobal
